// !$*UTF8*$!
{
	archiveVersion = 1;
	classes = {
	};
	objectVersion = 46;
	objects = {

/* Begin PBXBuildFile section */
		42803AC51AC791EA00D6E206 /* main.m in Sources */ = {isa = PBXBuildFile; fileRef = 42803AC41AC791EA00D6E206 /* main.m */; };
		42803AC81AC791EA00D6E206 /* AppDelegate.m in Sources */ = {isa = PBXBuildFile; fileRef = 42803AC71AC791EA00D6E206 /* AppDelegate.m */; };
		42803ACE1AC791EA00D6E206 /* Main.storyboard in Resources */ = {isa = PBXBuildFile; fileRef = 42803ACC1AC791EA00D6E206 /* Main.storyboard */; };
		42803AD01AC791EA00D6E206 /* Images.xcassets in Resources */ = {isa = PBXBuildFile; fileRef = 42803ACF1AC791EA00D6E206 /* Images.xcassets */; };
		42803AD31AC791EA00D6E206 /* LaunchScreen.xib in Resources */ = {isa = PBXBuildFile; fileRef = 42803AD11AC791EA00D6E206 /* LaunchScreen.xib */; };
		42803ADF1AC791EA00D6E206 /* ACDSprototype2Tests.m in Sources */ = {isa = PBXBuildFile; fileRef = 42803ADE1AC791EA00D6E206 /* ACDSprototype2Tests.m */; };
		42803AF01AC7A7B100D6E206 /* TransportsSplitVC.m in Sources */ = {isa = PBXBuildFile; fileRef = 42803AEF1AC7A7B100D6E206 /* TransportsSplitVC.m */; };
		42803AF31AC7A7F700D6E206 /* TransportsMasterTVC.m in Sources */ = {isa = PBXBuildFile; fileRef = 42803AF21AC7A7F700D6E206 /* TransportsMasterTVC.m */; };
		42803AF61AC7A82E00D6E206 /* TransportsDetailVC.m in Sources */ = {isa = PBXBuildFile; fileRef = 42803AF51AC7A82E00D6E206 /* TransportsDetailVC.m */; };
		42803AF91AC8453100D6E206 /* ProtocolsTVC.m in Sources */ = {isa = PBXBuildFile; fileRef = 42803AF81AC8453100D6E206 /* ProtocolsTVC.m */; };
		42803AFF1AC85C2200D6E206 /* TreatmentProtocol.m in Sources */ = {isa = PBXBuildFile; fileRef = 42803AFE1AC85C2200D6E206 /* TreatmentProtocol.m */; };
/* End PBXBuildFile section */

/* Begin PBXContainerItemProxy section */
		42803AD91AC791EA00D6E206 /* PBXContainerItemProxy */ = {
			isa = PBXContainerItemProxy;
			containerPortal = 42803AB71AC791EA00D6E206 /* Project object */;
			proxyType = 1;
			remoteGlobalIDString = 42803ABE1AC791EA00D6E206;
			remoteInfo = ACDSprototype2;
		};
/* End PBXContainerItemProxy section */

/* Begin PBXFileReference section */
		42803ABF1AC791EA00D6E206 /* ACDSprototype2.app */ = {isa = PBXFileReference; explicitFileType = wrapper.application; includeInIndex = 0; path = ACDSprototype2.app; sourceTree = BUILT_PRODUCTS_DIR; };
		42803AC31AC791EA00D6E206 /* Info.plist */ = {isa = PBXFileReference; lastKnownFileType = text.plist.xml; path = Info.plist; sourceTree = "<group>"; };
		42803AC41AC791EA00D6E206 /* main.m */ = {isa = PBXFileReference; lastKnownFileType = sourcecode.c.objc; path = main.m; sourceTree = "<group>"; };
		42803AC61AC791EA00D6E206 /* AppDelegate.h */ = {isa = PBXFileReference; lastKnownFileType = sourcecode.c.h; path = AppDelegate.h; sourceTree = "<group>"; };
		42803AC71AC791EA00D6E206 /* AppDelegate.m */ = {isa = PBXFileReference; lastKnownFileType = sourcecode.c.objc; path = AppDelegate.m; sourceTree = "<group>"; };
		42803ACD1AC791EA00D6E206 /* Base */ = {isa = PBXFileReference; lastKnownFileType = file.storyboard; name = Base; path = Base.lproj/Main.storyboard; sourceTree = "<group>"; };
		42803ACF1AC791EA00D6E206 /* Images.xcassets */ = {isa = PBXFileReference; lastKnownFileType = folder.assetcatalog; path = Images.xcassets; sourceTree = "<group>"; };
		42803AD21AC791EA00D6E206 /* Base */ = {isa = PBXFileReference; lastKnownFileType = file.xib; name = Base; path = Base.lproj/LaunchScreen.xib; sourceTree = "<group>"; };
		42803AD81AC791EA00D6E206 /* ACDSprototype2Tests.xctest */ = {isa = PBXFileReference; explicitFileType = wrapper.cfbundle; includeInIndex = 0; path = ACDSprototype2Tests.xctest; sourceTree = BUILT_PRODUCTS_DIR; };
		42803ADD1AC791EA00D6E206 /* Info.plist */ = {isa = PBXFileReference; lastKnownFileType = text.plist.xml; path = Info.plist; sourceTree = "<group>"; };
		42803ADE1AC791EA00D6E206 /* ACDSprototype2Tests.m */ = {isa = PBXFileReference; lastKnownFileType = sourcecode.c.objc; path = ACDSprototype2Tests.m; sourceTree = "<group>"; };
		42803AEE1AC7A7B100D6E206 /* TransportsSplitVC.h */ = {isa = PBXFileReference; fileEncoding = 4; lastKnownFileType = sourcecode.c.h; path = TransportsSplitVC.h; sourceTree = "<group>"; };
		42803AEF1AC7A7B100D6E206 /* TransportsSplitVC.m */ = {isa = PBXFileReference; fileEncoding = 4; lastKnownFileType = sourcecode.c.objc; path = TransportsSplitVC.m; sourceTree = "<group>"; };
		42803AF11AC7A7F700D6E206 /* TransportsMasterTVC.h */ = {isa = PBXFileReference; fileEncoding = 4; lastKnownFileType = sourcecode.c.h; path = TransportsMasterTVC.h; sourceTree = "<group>"; };
		42803AF21AC7A7F700D6E206 /* TransportsMasterTVC.m */ = {isa = PBXFileReference; fileEncoding = 4; lastKnownFileType = sourcecode.c.objc; path = TransportsMasterTVC.m; sourceTree = "<group>"; };
		42803AF41AC7A82E00D6E206 /* TransportsDetailVC.h */ = {isa = PBXFileReference; fileEncoding = 4; lastKnownFileType = sourcecode.c.h; path = TransportsDetailVC.h; sourceTree = "<group>"; };
		42803AF51AC7A82E00D6E206 /* TransportsDetailVC.m */ = {isa = PBXFileReference; fileEncoding = 4; lastKnownFileType = sourcecode.c.objc; path = TransportsDetailVC.m; sourceTree = "<group>"; };
		42803AF71AC8453100D6E206 /* ProtocolsTVC.h */ = {isa = PBXFileReference; fileEncoding = 4; lastKnownFileType = sourcecode.c.h; path = ProtocolsTVC.h; sourceTree = "<group>"; };
		42803AF81AC8453100D6E206 /* ProtocolsTVC.m */ = {isa = PBXFileReference; fileEncoding = 4; lastKnownFileType = sourcecode.c.objc; path = ProtocolsTVC.m; sourceTree = "<group>"; };
		42803AFD1AC85C2200D6E206 /* TreatmentProtocol.h */ = {isa = PBXFileReference; fileEncoding = 4; lastKnownFileType = sourcecode.c.h; path = TreatmentProtocol.h; sourceTree = "<group>"; };
		42803AFE1AC85C2200D6E206 /* TreatmentProtocol.m */ = {isa = PBXFileReference; fileEncoding = 4; lastKnownFileType = sourcecode.c.objc; path = TreatmentProtocol.m; sourceTree = "<group>"; };
/* End PBXFileReference section */

/* Begin PBXFrameworksBuildPhase section */
		42803ABC1AC791EA00D6E206 /* Frameworks */ = {
			isa = PBXFrameworksBuildPhase;
			buildActionMask = 2147483647;
			files = (
			);
			runOnlyForDeploymentPostprocessing = 0;
		};
		42803AD51AC791EA00D6E206 /* Frameworks */ = {
			isa = PBXFrameworksBuildPhase;
			buildActionMask = 2147483647;
			files = (
			);
			runOnlyForDeploymentPostprocessing = 0;
		};
/* End PBXFrameworksBuildPhase section */

/* Begin PBXGroup section */
		42803AB61AC791EA00D6E206 = {
			isa = PBXGroup;
			children = (
				42803AC11AC791EA00D6E206 /* ACDSprototype2 */,
				42803ADB1AC791EA00D6E206 /* ACDSprototype2Tests */,
				42803AC01AC791EA00D6E206 /* Products */,
			);
			sourceTree = "<group>";
		};
		42803AC01AC791EA00D6E206 /* Products */ = {
			isa = PBXGroup;
			children = (
				42803ABF1AC791EA00D6E206 /* ACDSprototype2.app */,
				42803AD81AC791EA00D6E206 /* ACDSprototype2Tests.xctest */,
			);
			name = Products;
			sourceTree = "<group>";
		};
		42803AC11AC791EA00D6E206 /* ACDSprototype2 */ = {
			isa = PBXGroup;
			children = (
				42803AC61AC791EA00D6E206 /* AppDelegate.h */,
				42803AC71AC791EA00D6E206 /* AppDelegate.m */,
				42803AEE1AC7A7B100D6E206 /* TransportsSplitVC.h */,
				42803AEF1AC7A7B100D6E206 /* TransportsSplitVC.m */,
				42803AF11AC7A7F700D6E206 /* TransportsMasterTVC.h */,
				42803AF21AC7A7F700D6E206 /* TransportsMasterTVC.m */,
				42803AF41AC7A82E00D6E206 /* TransportsDetailVC.h */,
				42803AF51AC7A82E00D6E206 /* TransportsDetailVC.m */,
				42803AFD1AC85C2200D6E206 /* TreatmentProtocol.h */,
				42803AFE1AC85C2200D6E206 /* TreatmentProtocol.m */,
				42803AF71AC8453100D6E206 /* ProtocolsTVC.h */,
				42803AF81AC8453100D6E206 /* ProtocolsTVC.m */,
				42803ACC1AC791EA00D6E206 /* Main.storyboard */,
				42803ACF1AC791EA00D6E206 /* Images.xcassets */,
				42803AD11AC791EA00D6E206 /* LaunchScreen.xib */,
				42803AC21AC791EA00D6E206 /* Supporting Files */,
			);
			path = ACDSprototype2;
			sourceTree = "<group>";
		};
		42803AC21AC791EA00D6E206 /* Supporting Files */ = {
			isa = PBXGroup;
			children = (
				42803AC31AC791EA00D6E206 /* Info.plist */,
				42803AC41AC791EA00D6E206 /* main.m */,
			);
			name = "Supporting Files";
			sourceTree = "<group>";
		};
		42803ADB1AC791EA00D6E206 /* ACDSprototype2Tests */ = {
			isa = PBXGroup;
			children = (
				42803ADE1AC791EA00D6E206 /* ACDSprototype2Tests.m */,
				42803ADC1AC791EA00D6E206 /* Supporting Files */,
			);
			path = ACDSprototype2Tests;
			sourceTree = "<group>";
		};
		42803ADC1AC791EA00D6E206 /* Supporting Files */ = {
			isa = PBXGroup;
			children = (
				42803ADD1AC791EA00D6E206 /* Info.plist */,
			);
			name = "Supporting Files";
			sourceTree = "<group>";
		};
/* End PBXGroup section */

/* Begin PBXNativeTarget section */
		42803ABE1AC791EA00D6E206 /* ACDSprototype2 */ = {
			isa = PBXNativeTarget;
			buildConfigurationList = 42803AE21AC791EA00D6E206 /* Build configuration list for PBXNativeTarget "ACDSprototype2" */;
			buildPhases = (
				42803ABB1AC791EA00D6E206 /* Sources */,
				42803ABC1AC791EA00D6E206 /* Frameworks */,
				42803ABD1AC791EA00D6E206 /* Resources */,
			);
			buildRules = (
			);
			dependencies = (
			);
			name = ACDSprototype2;
			productName = ACDSprototype2;
			productReference = 42803ABF1AC791EA00D6E206 /* ACDSprototype2.app */;
			productType = "com.apple.product-type.application";
		};
		42803AD71AC791EA00D6E206 /* ACDSprototype2Tests */ = {
			isa = PBXNativeTarget;
			buildConfigurationList = 42803AE51AC791EA00D6E206 /* Build configuration list for PBXNativeTarget "ACDSprototype2Tests" */;
			buildPhases = (
				42803AD41AC791EA00D6E206 /* Sources */,
				42803AD51AC791EA00D6E206 /* Frameworks */,
				42803AD61AC791EA00D6E206 /* Resources */,
			);
			buildRules = (
			);
			dependencies = (
				42803ADA1AC791EA00D6E206 /* PBXTargetDependency */,
			);
			name = ACDSprototype2Tests;
			productName = ACDSprototype2Tests;
			productReference = 42803AD81AC791EA00D6E206 /* ACDSprototype2Tests.xctest */;
			productType = "com.apple.product-type.bundle.unit-test";
		};
/* End PBXNativeTarget section */

/* Begin PBXProject section */
		42803AB71AC791EA00D6E206 /* Project object */ = {
			isa = PBXProject;
			attributes = {
				LastUpgradeCheck = 0620;
				ORGANIZATIONNAME = FWS;
				TargetAttributes = {
					42803ABE1AC791EA00D6E206 = {
						CreatedOnToolsVersion = 6.2;
					};
					42803AD71AC791EA00D6E206 = {
						CreatedOnToolsVersion = 6.2;
						TestTargetID = 42803ABE1AC791EA00D6E206;
					};
				};
			};
			buildConfigurationList = 42803ABA1AC791EA00D6E206 /* Build configuration list for PBXProject "ACDSprototype2" */;
			compatibilityVersion = "Xcode 3.2";
			developmentRegion = English;
			hasScannedForEncodings = 0;
			knownRegions = (
				en,
				Base,
			);
			mainGroup = 42803AB61AC791EA00D6E206;
			productRefGroup = 42803AC01AC791EA00D6E206 /* Products */;
			projectDirPath = "";
			projectRoot = "";
			targets = (
				42803ABE1AC791EA00D6E206 /* ACDSprototype2 */,
				42803AD71AC791EA00D6E206 /* ACDSprototype2Tests */,
			);
		};
/* End PBXProject section */

/* Begin PBXResourcesBuildPhase section */
		42803ABD1AC791EA00D6E206 /* Resources */ = {
			isa = PBXResourcesBuildPhase;
			buildActionMask = 2147483647;
			files = (
				42803ACE1AC791EA00D6E206 /* Main.storyboard in Resources */,
				42803AD31AC791EA00D6E206 /* LaunchScreen.xib in Resources */,
				42803AD01AC791EA00D6E206 /* Images.xcassets in Resources */,
			);
			runOnlyForDeploymentPostprocessing = 0;
		};
		42803AD61AC791EA00D6E206 /* Resources */ = {
			isa = PBXResourcesBuildPhase;
			buildActionMask = 2147483647;
			files = (
			);
			runOnlyForDeploymentPostprocessing = 0;
		};
/* End PBXResourcesBuildPhase section */

/* Begin PBXSourcesBuildPhase section */
		42803ABB1AC791EA00D6E206 /* Sources */ = {
			isa = PBXSourcesBuildPhase;
			buildActionMask = 2147483647;
			files = (
				42803AF61AC7A82E00D6E206 /* TransportsDetailVC.m in Sources */,
				42803AF91AC8453100D6E206 /* ProtocolsTVC.m in Sources */,
				42803AC81AC791EA00D6E206 /* AppDelegate.m in Sources */,
				42803AF31AC7A7F700D6E206 /* TransportsMasterTVC.m in Sources */,
				42803AC51AC791EA00D6E206 /* main.m in Sources */,
				42803AFF1AC85C2200D6E206 /* TreatmentProtocol.m in Sources */,
				42803AF01AC7A7B100D6E206 /* TransportsSplitVC.m in Sources */,
			);
			runOnlyForDeploymentPostprocessing = 0;
		};
		42803AD41AC791EA00D6E206 /* Sources */ = {
			isa = PBXSourcesBuildPhase;
			buildActionMask = 2147483647;
			files = (
				42803ADF1AC791EA00D6E206 /* ACDSprototype2Tests.m in Sources */,
			);
			runOnlyForDeploymentPostprocessing = 0;
		};
/* End PBXSourcesBuildPhase section */

/* Begin PBXTargetDependency section */
		42803ADA1AC791EA00D6E206 /* PBXTargetDependency */ = {
			isa = PBXTargetDependency;
			target = 42803ABE1AC791EA00D6E206 /* ACDSprototype2 */;
			targetProxy = 42803AD91AC791EA00D6E206 /* PBXContainerItemProxy */;
		};
/* End PBXTargetDependency section */

/* Begin PBXVariantGroup section */
		42803ACC1AC791EA00D6E206 /* Main.storyboard */ = {
			isa = PBXVariantGroup;
			children = (
				42803ACD1AC791EA00D6E206 /* Base */,
			);
			name = Main.storyboard;
			sourceTree = "<group>";
		};
		42803AD11AC791EA00D6E206 /* LaunchScreen.xib */ = {
			isa = PBXVariantGroup;
			children = (
				42803AD21AC791EA00D6E206 /* Base */,
			);
			name = LaunchScreen.xib;
			sourceTree = "<group>";
		};
/* End PBXVariantGroup section */

/* Begin XCBuildConfiguration section */
		42803AE01AC791EA00D6E206 /* Debug */ = {
			isa = XCBuildConfiguration;
			buildSettings = {
				ALWAYS_SEARCH_USER_PATHS = NO;
				CLANG_CXX_LANGUAGE_STANDARD = "gnu++0x";
				CLANG_CXX_LIBRARY = "libc++";
				CLANG_ENABLE_MODULES = YES;
				CLANG_ENABLE_OBJC_ARC = YES;
				CLANG_WARN_BOOL_CONVERSION = YES;
				CLANG_WARN_CONSTANT_CONVERSION = YES;
				CLANG_WARN_DIRECT_OBJC_ISA_USAGE = YES_ERROR;
				CLANG_WARN_EMPTY_BODY = YES;
				CLANG_WARN_ENUM_CONVERSION = YES;
				CLANG_WARN_INT_CONVERSION = YES;
				CLANG_WARN_OBJC_ROOT_CLASS = YES_ERROR;
				CLANG_WARN_UNREACHABLE_CODE = YES;
				CLANG_WARN__DUPLICATE_METHOD_MATCH = YES;
				"CODE_SIGN_IDENTITY[sdk=iphoneos*]" = "iPhone Developer";
				COPY_PHASE_STRIP = NO;
				ENABLE_STRICT_OBJC_MSGSEND = YES;
				GCC_C_LANGUAGE_STANDARD = gnu99;
				GCC_DYNAMIC_NO_PIC = NO;
				GCC_OPTIMIZATION_LEVEL = 0;
				GCC_PREPROCESSOR_DEFINITIONS = (
					"DEBUG=1",
					"$(inherited)",
				);
				GCC_SYMBOLS_PRIVATE_EXTERN = NO;
				GCC_WARN_64_TO_32_BIT_CONVERSION = YES;
				GCC_WARN_ABOUT_RETURN_TYPE = YES_ERROR;
				GCC_WARN_UNDECLARED_SELECTOR = YES;
				GCC_WARN_UNINITIALIZED_AUTOS = YES_AGGRESSIVE;
				GCC_WARN_UNUSED_FUNCTION = YES;
				GCC_WARN_UNUSED_VARIABLE = YES;
				IPHONEOS_DEPLOYMENT_TARGET = 8.2;
				MTL_ENABLE_DEBUG_INFO = YES;
				ONLY_ACTIVE_ARCH = YES;
				SDKROOT = iphoneos;
				TARGETED_DEVICE_FAMILY = "1,2";
			};
			name = Debug;
		};
		42803AE11AC791EA00D6E206 /* Release */ = {
			isa = XCBuildConfiguration;
			buildSettings = {
				ALWAYS_SEARCH_USER_PATHS = NO;
				CLANG_CXX_LANGUAGE_STANDARD = "gnu++0x";
				CLANG_CXX_LIBRARY = "libc++";
				CLANG_ENABLE_MODULES = YES;
				CLANG_ENABLE_OBJC_ARC = YES;
				CLANG_WARN_BOOL_CONVERSION = YES;
				CLANG_WARN_CONSTANT_CONVERSION = YES;
				CLANG_WARN_DIRECT_OBJC_ISA_USAGE = YES_ERROR;
				CLANG_WARN_EMPTY_BODY = YES;
				CLANG_WARN_ENUM_CONVERSION = YES;
				CLANG_WARN_INT_CONVERSION = YES;
				CLANG_WARN_OBJC_ROOT_CLASS = YES_ERROR;
				CLANG_WARN_UNREACHABLE_CODE = YES;
				CLANG_WARN__DUPLICATE_METHOD_MATCH = YES;
				"CODE_SIGN_IDENTITY[sdk=iphoneos*]" = "iPhone Developer";
				COPY_PHASE_STRIP = NO;
				ENABLE_NS_ASSERTIONS = NO;
				ENABLE_STRICT_OBJC_MSGSEND = YES;
				GCC_C_LANGUAGE_STANDARD = gnu99;
				GCC_WARN_64_TO_32_BIT_CONVERSION = YES;
				GCC_WARN_ABOUT_RETURN_TYPE = YES_ERROR;
				GCC_WARN_UNDECLARED_SELECTOR = YES;
				GCC_WARN_UNINITIALIZED_AUTOS = YES_AGGRESSIVE;
				GCC_WARN_UNUSED_FUNCTION = YES;
				GCC_WARN_UNUSED_VARIABLE = YES;
				IPHONEOS_DEPLOYMENT_TARGET = 8.2;
				MTL_ENABLE_DEBUG_INFO = NO;
				SDKROOT = iphoneos;
				TARGETED_DEVICE_FAMILY = "1,2";
				VALIDATE_PRODUCT = YES;
			};
			name = Release;
		};
		42803AE31AC791EA00D6E206 /* Debug */ = {
			isa = XCBuildConfiguration;
			buildSettings = {
				ASSETCATALOG_COMPILER_APPICON_NAME = AppIcon;
				INFOPLIST_FILE = ACDSprototype2/Info.plist;
				LD_RUNPATH_SEARCH_PATHS = "$(inherited) @executable_path/Frameworks";
				PRODUCT_NAME = "$(TARGET_NAME)";
			};
			name = Debug;
		};
		42803AE41AC791EA00D6E206 /* Release */ = {
			isa = XCBuildConfiguration;
			buildSettings = {
				ASSETCATALOG_COMPILER_APPICON_NAME = AppIcon;
				INFOPLIST_FILE = ACDSprototype2/Info.plist;
				LD_RUNPATH_SEARCH_PATHS = "$(inherited) @executable_path/Frameworks";
				PRODUCT_NAME = "$(TARGET_NAME)";
			};
			name = Release;
		};
		42803AE61AC791EA00D6E206 /* Debug */ = {
			isa = XCBuildConfiguration;
			buildSettings = {
				BUNDLE_LOADER = "$(TEST_HOST)";
				FRAMEWORK_SEARCH_PATHS = (
					"$(SDKROOT)/Developer/Library/Frameworks",
					"$(inherited)",
				);
				GCC_PREPROCESSOR_DEFINITIONS = (
					"DEBUG=1",
					"$(inherited)",
				);
				INFOPLIST_FILE = ACDSprototype2Tests/Info.plist;
				LD_RUNPATH_SEARCH_PATHS = "$(inherited) @executable_path/Frameworks @loader_path/Frameworks";
				PRODUCT_NAME = "$(TARGET_NAME)";
				TEST_HOST = "$(BUILT_PRODUCTS_DIR)/ACDSprototype2.app/ACDSprototype2";
			};
			name = Debug;
		};
		42803AE71AC791EA00D6E206 /* Release */ = {
			isa = XCBuildConfiguration;
			buildSettings = {
				BUNDLE_LOADER = "$(TEST_HOST)";
				FRAMEWORK_SEARCH_PATHS = (
					"$(SDKROOT)/Developer/Library/Frameworks",
					"$(inherited)",
				);
				INFOPLIST_FILE = ACDSprototype2Tests/Info.plist;
				LD_RUNPATH_SEARCH_PATHS = "$(inherited) @executable_path/Frameworks @loader_path/Frameworks";
				PRODUCT_NAME = "$(TARGET_NAME)";
				TEST_HOST = "$(BUILT_PRODUCTS_DIR)/ACDSprototype2.app/ACDSprototype2";
			};
			name = Release;
		};
/* End XCBuildConfiguration section */

/* Begin XCConfigurationList section */
		42803ABA1AC791EA00D6E206 /* Build configuration list for PBXProject "ACDSprototype2" */ = {
			isa = XCConfigurationList;
			buildConfigurations = (
				42803AE01AC791EA00D6E206 /* Debug */,
				42803AE11AC791EA00D6E206 /* Release */,
			);
			defaultConfigurationIsVisible = 0;
			defaultConfigurationName = Release;
		};
		42803AE21AC791EA00D6E206 /* Build configuration list for PBXNativeTarget "ACDSprototype2" */ = {
			isa = XCConfigurationList;
			buildConfigurations = (
				42803AE31AC791EA00D6E206 /* Debug */,
				42803AE41AC791EA00D6E206 /* Release */,
			);
			defaultConfigurationIsVisible = 0;
			defaultConfigurationName = Release;
		};
		42803AE51AC791EA00D6E206 /* Build configuration list for PBXNativeTarget "ACDSprototype2Tests" */ = {
			isa = XCConfigurationList;
			buildConfigurations = (
				42803AE61AC791EA00D6E206 /* Debug */,
				42803AE71AC791EA00D6E206 /* Release */,
			);
			defaultConfigurationIsVisible = 0;
			defaultConfigurationName = Release;
		};
/* End XCConfigurationList section */
	};
	rootObject = 42803AB71AC791EA00D6E206 /* Project object */;
}
